{
  "name": "pombase-www-new",
  "version": "0.0.0",
  "lockfileVersion": 1,
  "requires": true,
  "dependencies": {
    "angulartics2": {
      "version": "3.6.0",
      "resolved": "https://registry.npmjs.org/angulartics2/-/angulartics2-3.6.0.tgz",
      "integrity": "sha512-fsngcUNZQux0HtkcPH+bnzzxlc0dpeuTgAjWPgaTeaveQqn9gTJg2Jc8wV9MqxmX2CPXabS352OQw9HvMRpqaA=="
    },
    "ngx-bootstrap": {
      "version": "2.0.0-beta.8",
      "resolved": "https://registry.npmjs.org/ngx-bootstrap/-/ngx-bootstrap-2.0.0-beta.8.tgz",
      "integrity": "sha512-e+3euXDb4nhzxn9kBO4RPWwRaI2ef7Lg+us8Yo2DBfD/Kuk/vl7ksWjoolMFLKEGpcTcKhMT/4BH5dUx+S4AtA=="
    }
  }
}
