{
  "name": "pombase-www-new",
  "version": "0.0.0",
  "lockfileVersion": 1,
  "requires": true,
  "dependencies": {
    "angulartics2": {
      "version": "3.4.3",
      "resolved": "https://registry.npmjs.org/angulartics2/-/angulartics2-3.4.3.tgz",
      "integrity": "sha512-nklw5swg9FxX8NorWOhc+SatAYTiuUJNP57tP71BFwL1FGovOl9+0Iivh2jIH5Xz/3/yA6tWIUseGHoRPRvD5w=="
    }
  }
}
